
Microsoft Visual Studio Solution File, Format Version 12.00
# Visual Studio 15
VisualStudioVersion = 15.0.27130.2027
MinimumVisualStudioVersion = 10.0.40219.1
Project("{FAE04EC0-301F-11D3-BF4B-00C04F79EFBC}") = "Rhyous.SimpleArgs.Net40Client", "Rhyous.SimpleArgs.Net40Client\Rhyous.SimpleArgs.Net40Client.csproj", "{280FD5FB-C77C-48AC-BFB1-39964DF61775}"
EndProject
Project("{FAE04EC0-301F-11D3-BF4B-00C04F79EFBC}") = "Rhyous.SimpleArgs.Tests", "Rhyous.SimpleArgs.Tests\Rhyous.SimpleArgs.Tests.csproj", "{2FEC582F-92D7-4538-B917-D3B9D4DC688B}"
EndProject
Project("{2150E333-8FDC-42A3-9474-1A3956D46DE8}") = ".nuget", ".nuget", "{31472C7B-EF46-4E65-BE27-10CDF12E6DE2}"
	ProjectSection(SolutionItems) = preProject
		.nuget\NuGet.Config = .nuget\NuGet.Config
		.nuget\NuGet.exe = .nuget\NuGet.exe
		.nuget\NuGet.targets = .nuget\NuGet.targets
	EndProjectSection
EndProject
Project("{FAE04EC0-301F-11D3-BF4B-00C04F79EFBC}") = "Rhyous.SimpleArgs.Example", "Rhyous.SimpleArgs.Example\Rhyous.SimpleArgs.Example.csproj", "{96BC1AA8-665E-48A7-AE3E-9E7D4C9B847F}"
EndProject
Project("{2150E333-8FDC-42A3-9474-1A3956D46DE8}") = "NuGet", "NuGet", "{09EB7D4F-4BE4-4B99-B5E9-78512654EF4D}"
EndProject
Project("{FAE04EC0-301F-11D3-BF4B-00C04F79EFBC}") = "Rhyous.SimpleArgs.NuGet", "NuGet\Rhyous.SimpleArgs.NuGet\Rhyous.SimpleArgs.NuGet.csproj", "{0451BAEF-DF2E-4B98-8644-94EE9415E389}"
	ProjectSection(ProjectDependencies) = postProject
		{280FD5FB-C77C-48AC-BFB1-39964DF61775} = {280FD5FB-C77C-48AC-BFB1-39964DF61775}
	EndProjectSection
EndProject
Project("{FAE04EC0-301F-11D3-BF4B-00C04F79EFBC}") = "Rhyous.SimpleArgs.Nuget.Sources", "NuGet\Rhyous.SimpleArgs.Nuget.Sources\Rhyous.SimpleArgs.Nuget.Sources.csproj", "{E9A561E0-DD13-41C0-A150-90D9386D66A4}"
	ProjectSection(ProjectDependencies) = postProject
		{280FD5FB-C77C-48AC-BFB1-39964DF61775} = {280FD5FB-C77C-48AC-BFB1-39964DF61775}
	EndProjectSection
EndProject
Project("{9A19103F-16F7-4668-BE54-9A1E7A4F7556}") = "Rhyous.SimpleArgs.NetStandard2.0", "Rhyous.SimpleArgs.NetStandard2.0\Rhyous.SimpleArgs.NetStandard2.0.csproj", "{78A596EA-4E29-4E4F-B0D7-807A6E7B43D8}"
EndProject
Project("{D954291E-2A0B-460D-934E-DC6B0785DB48}") = "Rhyous.SimpleArgs.Shared", "Rhyous.SimpleArgs.Shared\Rhyous.SimpleArgs.Shared.shproj", "{E8C2FFB3-4C1B-49B7-8A3D-6D98A2BBF1C8}"
EndProject
Project("{9A19103F-16F7-4668-BE54-9A1E7A4F7556}") = "Rhyous.SimpleArgs.NetStandard1.6", "Rhyous.SimpleArgs.NetStandard1.6\Rhyous.SimpleArgs.NetStandard1.6.csproj", "{07CE52BB-D8AD-431D-B34A-C4DAFA680173}"
EndProject
Project("{2150E333-8FDC-42A3-9474-1A3956D46DE8}") = "Examples", "Examples", "{ED7752C9-2559-4F90-A692-076410FE7F64}"
EndProject
Project("{FAE04EC0-301F-11D3-BF4B-00C04F79EFBC}") = "Rhyous.SimpleArgs.Example.NetCore", "Rhyous.SimpleArgs.Example.NetCore\Rhyous.SimpleArgs.Example.NetCore.csproj", "{C04C6856-80C8-4345-81A9-1211AB165002}"
EndProject
Project("{D954291E-2A0B-460D-934E-DC6B0785DB48}") = "Rhyous.SimpleArgs.Example.Shared", "Rhyous.SimpleArgs.Example.Shared\Rhyous.SimpleArgs.Example.Shared.shproj", "{D572FAF3-ECCC-4078-8C24-253B439147AF}"
EndProject
Global
	GlobalSection(SharedMSBuildProjectFiles) = preSolution
		Rhyous.SimpleArgs.Shared\Rhyous.SimpleArgs.Shared.projitems*{280fd5fb-c77c-48ac-bfb1-39964df61775}*SharedItemsImports = 4
		Rhyous.SimpleArgs.Example.Shared\Rhyous.SimpleArgs.Example.Shared.projitems*{96bc1aa8-665e-48a7-ae3e-9e7d4c9b847f}*SharedItemsImports = 4
		Rhyous.SimpleArgs.Example.Shared\Rhyous.SimpleArgs.Example.Shared.projitems*{d572faf3-eccc-4078-8c24-253b439147af}*SharedItemsImports = 13
		Rhyous.SimpleArgs.Shared\Rhyous.SimpleArgs.Shared.projitems*{e8c2ffb3-4c1b-49b7-8a3d-6d98a2bbf1c8}*SharedItemsImports = 13
	EndGlobalSection
	GlobalSection(SolutionConfigurationPlatforms) = preSolution
		Debug|Any CPU = Debug|Any CPU
		Release|Any CPU = Release|Any CPU
	EndGlobalSection
	GlobalSection(ProjectConfigurationPlatforms) = postSolution
		{280FD5FB-C77C-48AC-BFB1-39964DF61775}.Debug|Any CPU.ActiveCfg = Debug|Any CPU
		{280FD5FB-C77C-48AC-BFB1-39964DF61775}.Debug|Any CPU.Build.0 = Debug|Any CPU
		{280FD5FB-C77C-48AC-BFB1-39964DF61775}.Release|Any CPU.ActiveCfg = Release|Any CPU
		{280FD5FB-C77C-48AC-BFB1-39964DF61775}.Release|Any CPU.Build.0 = Release|Any CPU
		{2FEC582F-92D7-4538-B917-D3B9D4DC688B}.Debug|Any CPU.ActiveCfg = Debug|Any CPU
		{2FEC582F-92D7-4538-B917-D3B9D4DC688B}.Debug|Any CPU.Build.0 = Debug|Any CPU
		{2FEC582F-92D7-4538-B917-D3B9D4DC688B}.Release|Any CPU.ActiveCfg = Release|Any CPU
		{2FEC582F-92D7-4538-B917-D3B9D4DC688B}.Release|Any CPU.Build.0 = Release|Any CPU
		{96BC1AA8-665E-48A7-AE3E-9E7D4C9B847F}.Debug|Any CPU.ActiveCfg = Debug|Any CPU
		{96BC1AA8-665E-48A7-AE3E-9E7D4C9B847F}.Debug|Any CPU.Build.0 = Debug|Any CPU
		{96BC1AA8-665E-48A7-AE3E-9E7D4C9B847F}.Release|Any CPU.ActiveCfg = Release|Any CPU
		{96BC1AA8-665E-48A7-AE3E-9E7D4C9B847F}.Release|Any CPU.Build.0 = Release|Any CPU
		{0451BAEF-DF2E-4B98-8644-94EE9415E389}.Debug|Any CPU.ActiveCfg = Debug|Any CPU
		{0451BAEF-DF2E-4B98-8644-94EE9415E389}.Release|Any CPU.ActiveCfg = Release|Any CPU
		{E9A561E0-DD13-41C0-A150-90D9386D66A4}.Debug|Any CPU.ActiveCfg = Debug|Any CPU
		{E9A561E0-DD13-41C0-A150-90D9386D66A4}.Release|Any CPU.ActiveCfg = Release|Any CPU
		{78A596EA-4E29-4E4F-B0D7-807A6E7B43D8}.Debug|Any CPU.ActiveCfg = Debug|Any CPU
		{78A596EA-4E29-4E4F-B0D7-807A6E7B43D8}.Debug|Any CPU.Build.0 = Debug|Any CPU
		{78A596EA-4E29-4E4F-B0D7-807A6E7B43D8}.Release|Any CPU.ActiveCfg = Release|Any CPU
		{78A596EA-4E29-4E4F-B0D7-807A6E7B43D8}.Release|Any CPU.Build.0 = Release|Any CPU
		{07CE52BB-D8AD-431D-B34A-C4DAFA680173}.Debug|Any CPU.ActiveCfg = Debug|Any CPU
		{07CE52BB-D8AD-431D-B34A-C4DAFA680173}.Debug|Any CPU.Build.0 = Debug|Any CPU
		{07CE52BB-D8AD-431D-B34A-C4DAFA680173}.Release|Any CPU.ActiveCfg = Release|Any CPU
		{07CE52BB-D8AD-431D-B34A-C4DAFA680173}.Release|Any CPU.Build.0 = Release|Any CPU
		{C04C6856-80C8-4345-81A9-1211AB165002}.Debug|Any CPU.ActiveCfg = Debug|Any CPU
		{C04C6856-80C8-4345-81A9-1211AB165002}.Debug|Any CPU.Build.0 = Debug|Any CPU
		{C04C6856-80C8-4345-81A9-1211AB165002}.Release|Any CPU.ActiveCfg = Release|Any CPU
		{C04C6856-80C8-4345-81A9-1211AB165002}.Release|Any CPU.Build.0 = Release|Any CPU
	EndGlobalSection
	GlobalSection(SolutionProperties) = preSolution
		HideSolutionNode = FALSE
	EndGlobalSection
	GlobalSection(NestedProjects) = preSolution
		{31472C7B-EF46-4E65-BE27-10CDF12E6DE2} = {09EB7D4F-4BE4-4B99-B5E9-78512654EF4D}
		{96BC1AA8-665E-48A7-AE3E-9E7D4C9B847F} = {ED7752C9-2559-4F90-A692-076410FE7F64}
		{0451BAEF-DF2E-4B98-8644-94EE9415E389} = {09EB7D4F-4BE4-4B99-B5E9-78512654EF4D}
		{E9A561E0-DD13-41C0-A150-90D9386D66A4} = {09EB7D4F-4BE4-4B99-B5E9-78512654EF4D}
		{C04C6856-80C8-4345-81A9-1211AB165002} = {ED7752C9-2559-4F90-A692-076410FE7F64}
		{D572FAF3-ECCC-4078-8C24-253B439147AF} = {ED7752C9-2559-4F90-A692-076410FE7F64}
	EndGlobalSection
	GlobalSection(ExtensibilityGlobals) = postSolution
		SolutionGuid = {C2C6DF8B-8C22-4FAC-9542-AB4CBB5772F8}
	EndGlobalSection
EndGlobal
