
Microsoft Visual Studio Solution File, Format Version 12.00
# Visual Studio 2013
VisualStudioVersion = 12.0.31101.0
MinimumVisualStudioVersion = 10.0.40219.1
Project("{FAE04EC0-301F-11D3-BF4B-00C04F79EFBC}") = "SimpleArgs", "..\SimpleArgs\SimpleArgs.csproj", "{280FD5FB-C77C-48AC-BFB1-39964DF61775}"
EndProject
Project("{FAE04EC0-301F-11D3-BF4B-00C04F79EFBC}") = "SimpleArgs.Tests", "..\SimpleArgs.Tests\SimpleArgs.Tests.csproj", "{2FEC582F-92D7-4538-B917-D3B9D4DC688B}"
EndProject
Project("{2150E333-8FDC-42A3-9474-1A3956D46DE8}") = ".nuget", ".nuget", "{31472C7B-EF46-4E65-BE27-10CDF12E6DE2}"
	ProjectSection(SolutionItems) = preProject
		..\.nuget\NuGet.Config = ..\.nuget\NuGet.Config
		..\.nuget\NuGet.exe = ..\.nuget\NuGet.exe
		..\.nuget\NuGet.targets = ..\.nuget\NuGet.targets
	EndProjectSection
EndProject
Project("{2150E333-8FDC-42A3-9474-1A3956D46DE8}") = "NuGet", "NuGet", "{95F72DE4-EA99-4842-B8BE-976129F08F0B}"
EndProject
Project("{FAE04EC0-301F-11D3-BF4B-00C04F79EFBC}") = "SimpleArgs.NuGet", "SimpleArgs.NuGet\SimpleArgs.NuGet.csproj", "{0451BAEF-DF2E-4B98-8644-94EE9415E389}"
	ProjectSection(ProjectDependencies) = postProject
		{280FD5FB-C77C-48AC-BFB1-39964DF61775} = {280FD5FB-C77C-48AC-BFB1-39964DF61775}
	EndProjectSection
EndProject
Project("{FAE04EC0-301F-11D3-BF4B-00C04F79EFBC}") = "SimpleArgs.Example", "..\SimpleArgs.Example\SimpleArgs.Example.csproj", "{96BC1AA8-665E-48A7-AE3E-9E7D4C9B847F}"
EndProject
Project("{FAE04EC0-301F-11D3-BF4B-00C04F79EFBC}") = "SimpleArgs.Nuget.Sources", "SimpleArgs.Nuget.Sources\SimpleArgs.Nuget.Sources.csproj", "{E9A561E0-DD13-41C0-A150-90D9386D66A4}"
	ProjectSection(ProjectDependencies) = postProject
		{280FD5FB-C77C-48AC-BFB1-39964DF61775} = {280FD5FB-C77C-48AC-BFB1-39964DF61775}
	EndProjectSection
EndProject
Global
	GlobalSection(SolutionConfigurationPlatforms) = preSolution
		Debug|Any CPU = Debug|Any CPU
		Release|Any CPU = Release|Any CPU
	EndGlobalSection
	GlobalSection(ProjectConfigurationPlatforms) = postSolution
		{280FD5FB-C77C-48AC-BFB1-39964DF61775}.Debug|Any CPU.ActiveCfg = Debug|Any CPU
		{280FD5FB-C77C-48AC-BFB1-39964DF61775}.Debug|Any CPU.Build.0 = Debug|Any CPU
		{280FD5FB-C77C-48AC-BFB1-39964DF61775}.Release|Any CPU.ActiveCfg = Release|Any CPU
		{280FD5FB-C77C-48AC-BFB1-39964DF61775}.Release|Any CPU.Build.0 = Release|Any CPU
		{2FEC582F-92D7-4538-B917-D3B9D4DC688B}.Debug|Any CPU.ActiveCfg = Debug|Any CPU
		{2FEC582F-92D7-4538-B917-D3B9D4DC688B}.Debug|Any CPU.Build.0 = Debug|Any CPU
		{2FEC582F-92D7-4538-B917-D3B9D4DC688B}.Release|Any CPU.ActiveCfg = Release|Any CPU
		{2FEC582F-92D7-4538-B917-D3B9D4DC688B}.Release|Any CPU.Build.0 = Release|Any CPU
		{0451BAEF-DF2E-4B98-8644-94EE9415E389}.Debug|Any CPU.ActiveCfg = Debug|Any CPU
		{0451BAEF-DF2E-4B98-8644-94EE9415E389}.Debug|Any CPU.Build.0 = Debug|Any CPU
		{0451BAEF-DF2E-4B98-8644-94EE9415E389}.Release|Any CPU.ActiveCfg = Release|Any CPU
		{96BC1AA8-665E-48A7-AE3E-9E7D4C9B847F}.Debug|Any CPU.ActiveCfg = Debug|Any CPU
		{96BC1AA8-665E-48A7-AE3E-9E7D4C9B847F}.Debug|Any CPU.Build.0 = Debug|Any CPU
		{96BC1AA8-665E-48A7-AE3E-9E7D4C9B847F}.Release|Any CPU.ActiveCfg = Release|Any CPU
		{96BC1AA8-665E-48A7-AE3E-9E7D4C9B847F}.Release|Any CPU.Build.0 = Release|Any CPU
		{E9A561E0-DD13-41C0-A150-90D9386D66A4}.Debug|Any CPU.ActiveCfg = Debug|Any CPU
		{E9A561E0-DD13-41C0-A150-90D9386D66A4}.Debug|Any CPU.Build.0 = Debug|Any CPU
		{E9A561E0-DD13-41C0-A150-90D9386D66A4}.Release|Any CPU.ActiveCfg = Release|Any CPU
	EndGlobalSection
	GlobalSection(SolutionProperties) = preSolution
		HideSolutionNode = FALSE
	EndGlobalSection
	GlobalSection(NestedProjects) = preSolution
		{0451BAEF-DF2E-4B98-8644-94EE9415E389} = {95F72DE4-EA99-4842-B8BE-976129F08F0B}
		{E9A561E0-DD13-41C0-A150-90D9386D66A4} = {95F72DE4-EA99-4842-B8BE-976129F08F0B}
	EndGlobalSection
EndGlobal
